
Microsoft Visual Studio Solution File, Format Version 12.00
# Visual Studio 15
VisualStudioVersion = 15.0.28307.421
MinimumVisualStudioVersion = 10.0.40219.1
Project("{FAE04EC0-301F-11D3-BF4B-00C04F79EFBC}") = "ImageAsciify", "ImageAsciify\ImageAsciify.csproj", "{8CFF14A3-8743-41A5-8BD9-782DF2F75EF6}"
EndProject
Global
	GlobalSection(SolutionConfigurationPlatforms) = preSolution
		Debug|Any CPU = Debug|Any CPU
		Release|Any CPU = Release|Any CPU
	EndGlobalSection
	GlobalSection(ProjectConfigurationPlatforms) = postSolution
		{8CFF14A3-8743-41A5-8BD9-782DF2F75EF6}.Debug|Any CPU.ActiveCfg = Debug|Any CPU
		{8CFF14A3-8743-41A5-8BD9-782DF2F75EF6}.Debug|Any CPU.Build.0 = Debug|Any CPU
		{8CFF14A3-8743-41A5-8BD9-782DF2F75EF6}.Release|Any CPU.ActiveCfg = Release|Any CPU
		{8CFF14A3-8743-41A5-8BD9-782DF2F75EF6}.Release|Any CPU.Build.0 = Release|Any CPU
	EndGlobalSection
	GlobalSection(SolutionProperties) = preSolution
		HideSolutionNode = FALSE
	EndGlobalSection
	GlobalSection(ExtensibilityGlobals) = postSolution
		SolutionGuid = {D0D86926-C278-43A7-8FD0-52C762D6F107}
	EndGlobalSection
EndGlobal
